
Microsoft Visual Studio Solution File, Format Version 12.00
# Visual Studio Version 16
VisualStudioVersion = 16.0.31019.35
MinimumVisualStudioVersion = 10.0.40219.1
Project("{FAE04EC0-301F-11D3-BF4B-00C04F79EFBC}") = "TcKimlikKontrol", "TcKimlikKontrol\TcKimlikKontrol.csproj", "{CE85F83E-8457-4001-9622-2D23832F57C5}"
EndProject
Global
	GlobalSection(SolutionConfigurationPlatforms) = preSolution
		Debug|Any CPU = Debug|Any CPU
		Release|Any CPU = Release|Any CPU
	EndGlobalSection
	GlobalSection(ProjectConfigurationPlatforms) = postSolution
		{CE85F83E-8457-4001-9622-2D23832F57C5}.Debug|Any CPU.ActiveCfg = Debug|Any CPU
		{CE85F83E-8457-4001-9622-2D23832F57C5}.Debug|Any CPU.Build.0 = Debug|Any CPU
		{CE85F83E-8457-4001-9622-2D23832F57C5}.Release|Any CPU.ActiveCfg = Release|Any CPU
		{CE85F83E-8457-4001-9622-2D23832F57C5}.Release|Any CPU.Build.0 = Release|Any CPU
	EndGlobalSection
	GlobalSection(SolutionProperties) = preSolution
		HideSolutionNode = FALSE
	EndGlobalSection
	GlobalSection(ExtensibilityGlobals) = postSolution
		SolutionGuid = {80EA373C-EB6D-4189-A8F7-12C0B9059399}
	EndGlobalSection
EndGlobal
